
Microsoft Visual Studio Solution File, Format Version 12.00
# Visual Studio Version 16
VisualStudioVersion = 16.0.29009.5
MinimumVisualStudioVersion = 10.0.40219.1
Project("{9A19103F-16F7-4668-BE54-9A1E7A4F7556}") = "BC.Web", "GVC_BettingCalendar\BC.Web.csproj", "{FA1449F4-DB23-499E-9DD7-BE4F622E7ED2}"
EndProject
Project("{9A19103F-16F7-4668-BE54-9A1E7A4F7556}") = "BC.Services", "BC.Services\BC.Services.csproj", "{3D03F35F-560D-4675-B189-C7A0DAA8D108}"
EndProject
Project("{9A19103F-16F7-4668-BE54-9A1E7A4F7556}") = "BC.Data", "BC.Data\BC.Data.csproj", "{0A095653-EEB6-4B66-A608-F2DD141EB0DA}"
EndProject
Project("{9A19103F-16F7-4668-BE54-9A1E7A4F7556}") = "BC.DTOs", "BC.DTOs\BC.DTOs.csproj", "{79DC2D13-4E84-464E-9889-C8B0C2C03C7F}"
EndProject
Project("{9A19103F-16F7-4668-BE54-9A1E7A4F7556}") = "BC.Tests", "BC.Tests\BC.Tests.csproj", "{8E1DE3AF-A15C-480E-BF8C-3119BC36BC1B}"
EndProject
Global
	GlobalSection(SolutionConfigurationPlatforms) = preSolution
		Debug|Any CPU = Debug|Any CPU
		Release|Any CPU = Release|Any CPU
	EndGlobalSection
	GlobalSection(ProjectConfigurationPlatforms) = postSolution
		{FA1449F4-DB23-499E-9DD7-BE4F622E7ED2}.Debug|Any CPU.ActiveCfg = Debug|Any CPU
		{FA1449F4-DB23-499E-9DD7-BE4F622E7ED2}.Debug|Any CPU.Build.0 = Debug|Any CPU
		{FA1449F4-DB23-499E-9DD7-BE4F622E7ED2}.Release|Any CPU.ActiveCfg = Release|Any CPU
		{FA1449F4-DB23-499E-9DD7-BE4F622E7ED2}.Release|Any CPU.Build.0 = Release|Any CPU
		{3D03F35F-560D-4675-B189-C7A0DAA8D108}.Debug|Any CPU.ActiveCfg = Debug|Any CPU
		{3D03F35F-560D-4675-B189-C7A0DAA8D108}.Debug|Any CPU.Build.0 = Debug|Any CPU
		{3D03F35F-560D-4675-B189-C7A0DAA8D108}.Release|Any CPU.ActiveCfg = Release|Any CPU
		{3D03F35F-560D-4675-B189-C7A0DAA8D108}.Release|Any CPU.Build.0 = Release|Any CPU
		{0A095653-EEB6-4B66-A608-F2DD141EB0DA}.Debug|Any CPU.ActiveCfg = Debug|Any CPU
		{0A095653-EEB6-4B66-A608-F2DD141EB0DA}.Debug|Any CPU.Build.0 = Debug|Any CPU
		{0A095653-EEB6-4B66-A608-F2DD141EB0DA}.Release|Any CPU.ActiveCfg = Release|Any CPU
		{0A095653-EEB6-4B66-A608-F2DD141EB0DA}.Release|Any CPU.Build.0 = Release|Any CPU
		{79DC2D13-4E84-464E-9889-C8B0C2C03C7F}.Debug|Any CPU.ActiveCfg = Debug|Any CPU
		{79DC2D13-4E84-464E-9889-C8B0C2C03C7F}.Debug|Any CPU.Build.0 = Debug|Any CPU
		{79DC2D13-4E84-464E-9889-C8B0C2C03C7F}.Release|Any CPU.ActiveCfg = Release|Any CPU
		{79DC2D13-4E84-464E-9889-C8B0C2C03C7F}.Release|Any CPU.Build.0 = Release|Any CPU
		{8E1DE3AF-A15C-480E-BF8C-3119BC36BC1B}.Debug|Any CPU.ActiveCfg = Debug|Any CPU
		{8E1DE3AF-A15C-480E-BF8C-3119BC36BC1B}.Debug|Any CPU.Build.0 = Debug|Any CPU
		{8E1DE3AF-A15C-480E-BF8C-3119BC36BC1B}.Release|Any CPU.ActiveCfg = Release|Any CPU
		{8E1DE3AF-A15C-480E-BF8C-3119BC36BC1B}.Release|Any CPU.Build.0 = Release|Any CPU
	EndGlobalSection
	GlobalSection(SolutionProperties) = preSolution
		HideSolutionNode = FALSE
	EndGlobalSection
	GlobalSection(ExtensibilityGlobals) = postSolution
		SolutionGuid = {D76B8C34-DCFF-4021-A835-DE7DD229D4FD}
	EndGlobalSection
EndGlobal
